{
  "name": "Nif-Website",
  "lockfileVersion": 3,
  "requires": true,
  "packages": {
    "": {
      "dependencies": {
        "resend": "^6.1.2"
      }
    },
    "node_modules/resend": {
      "version": "6.1.2",
      "resolved": "https://registry.npmjs.org/resend/-/resend-6.1.2.tgz",
      "integrity": "sha512-C9Q+YkRe57P8MQlkHG3yatSR/B6sqBGA06Ri2DveJfkz9Vm16182FC/iHB0K6IAfmqZ4yRrFebFw1EPuktLtSg==",
      "license": "MIT",
      "engines": {
        "node": ">=18"
      },
      "peerDependencies": {
        "@react-email/render": "*"
      },
      "peerDependenciesMeta": {
        "@react-email/render": {
          "optional": true
        }
      }
    }
  }
}
